// !$*UTF8*$!
{
	archiveVersion = 1;
	classes = {
	};
	objectVersion = 77;
	objects = {

/* Begin PBXContainerItemProxy section */
		ACC17ED03055B38900C6F6C7 /* PBXContainerItemProxy */ = {
			isa = PBXContainerItemProxy;
			containerPortal = ACC17EB83055B38700C6F6C7 /* Project object */;
			proxyType = 1;
			remoteGlobalIDString = ACC17EBF3055B38700C6F6C7;
			remoteInfo = "Sarti SpritzX";
		};
		ACC17EDA3055B38900C6F6C7 /* PBXContainerItemProxy */ = {
			isa = PBXContainerItemProxy;
			containerPortal = ACC17EB83055B38700C6F6C7 /* Project object */;
			proxyType = 1;
			remoteGlobalIDString = ACC17EBF3055B38700C6F6C7;
			remoteInfo = "Sarti SpritzX";
		};
/* End PBXContainerItemProxy section */

/* Begin PBXFileReference section */
		ACC17EC03055B38700C6F6C7 /* Sarti SpritzX.app */ = {isa = PBXFileReference; explicitFileType = wrapper.application; includeInIndex = 0; path = "Sarti SpritzX.app"; sourceTree = BUILT_PRODUCTS_DIR; };
		ACC17ECF3055B38900C6F6C7 /* Sarti SpritzXTests.xctest */ = {isa = PBXFileReference; explicitFileType = wrapper.cfbundle; includeInIndex = 0; path = "Sarti SpritzXTests.xctest"; sourceTree = BUILT_PRODUCTS_DIR; };
		ACC17ED93055B38900C6F6C7 /* Sarti SpritzXUITests.xctest */ = {isa = PBXFileReference; explicitFileType = wrapper.cfbundle; includeInIndex = 0; path = "Sarti SpritzXUITests.xctest"; sourceTree = BUILT_PRODUCTS_DIR; };
/* End PBXFileReference section */

/* Begin PBXFileSystemSynchronizedRootGroup section */
		ACC17EC23055B38700C6F6C7 /* Sarti SpritzX */ = {
			isa = PBXFileSystemSynchronizedRootGroup;
			path = "Sarti SpritzX";
			sourceTree = "<group>";
		};
		ACC17ED23055B38900C6F6C7 /* Sarti SpritzXTests */ = {
			isa = PBXFileSystemSynchronizedRootGroup;
			path = "Sarti SpritzXTests";
			sourceTree = "<group>";
		};
		ACC17EDC3055B38900C6F6C7 /* Sarti SpritzXUITests */ = {
			isa = PBXFileSystemSynchronizedRootGroup;
			path = "Sarti SpritzXUITests";
			sourceTree = "<group>";
		};
/* End PBXFileSystemSynchronizedRootGroup section */

/* Begin PBXFrameworksBuildPhase section */
		ACC17EBD3055B38700C6F6C7 /* Frameworks */ = {
			isa = PBXFrameworksBuildPhase;
			buildActionMask = 2147483647;
			files = (
			);
			runOnlyForDeploymentPostprocessing = 0;
		};
		ACC17ECC3055B38900C6F6C7 /* Frameworks */ = {
			isa = PBXFrameworksBuildPhase;
			buildActionMask = 2147483647;
			files = (
			);
			runOnlyForDeploymentPostprocessing = 0;
		};
		ACC17ED63055B38900C6F6C7 /* Frameworks */ = {
			isa = PBXFrameworksBuildPhase;
			buildActionMask = 2147483647;
			files = (
			);
			runOnlyForDeploymentPostprocessing = 0;
		};
/* End PBXFrameworksBuildPhase section */

/* Begin PBXGroup section */
		ACC17EB73055B38700C6F6C7 = {
			isa = PBXGroup;
			children = (
				ACC17EC23055B38700C6F6C7 /* Sarti SpritzX */,
				ACC17ED23055B38900C6F6C7 /* Sarti SpritzXTests */,
				ACC17EDC3055B38900C6F6C7 /* Sarti SpritzXUITests */,
				ACC17EC13055B38700C6F6C7 /* Products */,
			);
			sourceTree = "<group>";
		};
		ACC17EC13055B38700C6F6C7 /* Products */ = {
			isa = PBXGroup;
			children = (
				ACC17EC03055B38700C6F6C7 /* Sarti SpritzX.app */,
				ACC17ECF3055B38900C6F6C7 /* Sarti SpritzXTests.xctest */,
				ACC17ED93055B38900C6F6C7 /* Sarti SpritzXUITests.xctest */,
			);
			name = Products;
			sourceTree = "<group>";
		};
/* End PBXGroup section */

/* Begin PBXNativeTarget section */
		ACC17EBF3055B38700C6F6C7 /* Sarti SpritzX */ = {
			isa = PBXNativeTarget;
			buildConfigurationList = ACC17EE33055B38900C6F6C7 /* Build configuration list for PBXNativeTarget "Sarti SpritzX" */;
			buildPhases = (
				ACC17EBC3055B38700C6F6C7 /* Sources */,
				ACC17EBD3055B38700C6F6C7 /* Frameworks */,
				ACC17EBE3055B38700C6F6C7 /* Resources */,
			);
			buildRules = (
			);
			dependencies = (
			);
			fileSystemSynchronizedGroups = (
				ACC17EC23055B38700C6F6C7 /* Sarti SpritzX */,
			);
			name = "Sarti SpritzX";
			packageProductDependencies = (
			);
			productName = "Sarti SpritzX";
			productReference = ACC17EC03055B38700C6F6C7 /* Sarti SpritzX.app */;
			productType = "com.apple.product-type.application";
		};
		ACC17ECE3055B38900C6F6C7 /* Sarti SpritzXTests */ = {
			isa = PBXNativeTarget;
			buildConfigurationList = ACC17EE63055B38900C6F6C7 /* Build configuration list for PBXNativeTarget "Sarti SpritzXTests" */;
			buildPhases = (
				ACC17ECB3055B38900C6F6C7 /* Sources */,
				ACC17ECC3055B38900C6F6C7 /* Frameworks */,
				ACC17ECD3055B38900C6F6C7 /* Resources */,
			);
			buildRules = (
			);
			dependencies = (
				ACC17ED13055B38900C6F6C7 /* PBXTargetDependency */,
			);
			fileSystemSynchronizedGroups = (
				ACC17ED23055B38900C6F6C7 /* Sarti SpritzXTests */,
			);
			name = "Sarti SpritzXTests";
			packageProductDependencies = (
			);
			productName = "Sarti SpritzXTests";
			productReference = ACC17ECF3055B38900C6F6C7 /* Sarti SpritzXTests.xctest */;
			productType = "com.apple.product-type.bundle.unit-test";
		};
		ACC17ED83055B38900C6F6C7 /* Sarti SpritzXUITests */ = {
			isa = PBXNativeTarget;
			buildConfigurationList = ACC17EE93055B38900C6F6C7 /* Build configuration list for PBXNativeTarget "Sarti SpritzXUITests" */;
			buildPhases = (
				ACC17ED53055B38900C6F6C7 /* Sources */,
				ACC17ED63055B38900C6F6C7 /* Frameworks */,
				ACC17ED73055B38900C6F6C7 /* Resources */,
			);
			buildRules = (
			);
			dependencies = (
				ACC17EDB3055B38900C6F6C7 /* PBXTargetDependency */,
			);
			fileSystemSynchronizedGroups = (
				ACC17EDC3055B38900C6F6C7 /* Sarti SpritzXUITests */,
			);
			name = "Sarti SpritzXUITests";
			packageProductDependencies = (
			);
			productName = "Sarti SpritzXUITests";
			productReference = ACC17ED93055B38900C6F6C7 /* Sarti SpritzXUITests.xctest */;
			productType = "com.apple.product-type.bundle.ui-testing";
		};
/* End PBXNativeTarget section */

/* Begin PBXProject section */
		ACC17EB83055B38700C6F6C7 /* Project object */ = {
			isa = PBXProject;
			attributes = {
				BuildIndependentTargetsInParallel = 1;
				LastSwiftUpdateCheck = 2660;
				LastUpgradeCheck = 2660;
				TargetAttributes = {
					ACC17EBF3055B38700C6F6C7 = {
						CreatedOnToolsVersion = 26.6;
					};
					ACC17ECE3055B38900C6F6C7 = {
						CreatedOnToolsVersion = 26.6;
						TestTargetID = ACC17EBF3055B38700C6F6C7;
					};
					ACC17ED83055B38900C6F6C7 = {
						CreatedOnToolsVersion = 26.6;
						TestTargetID = ACC17EBF3055B38700C6F6C7;
					};
				};
			};
			buildConfigurationList = ACC17EBB3055B38700C6F6C7 /* Build configuration list for PBXProject "Sarti SpritzX" */;
			developmentRegion = en;
			hasScannedForEncodings = 0;
			knownRegions = (
				en,
				Base,
			);
			mainGroup = ACC17EB73055B38700C6F6C7;
			minimizedProjectReferenceProxies = 1;
			preferredProjectObjectVersion = 77;
			productRefGroup = ACC17EC13055B38700C6F6C7 /* Products */;
			projectDirPath = "";
			projectRoot = "";
			targets = (
				ACC17EBF3055B38700C6F6C7 /* Sarti SpritzX */,
				ACC17ECE3055B38900C6F6C7 /* Sarti SpritzXTests */,
				ACC17ED83055B38900C6F6C7 /* Sarti SpritzXUITests */,
			);
		};
/* End PBXProject section */

/* Begin PBXResourcesBuildPhase section */
		ACC17EBE3055B38700C6F6C7 /* Resources */ = {
			isa = PBXResourcesBuildPhase;
			buildActionMask = 2147483647;
			files = (
			);
			runOnlyForDeploymentPostprocessing = 0;
		};
		ACC17ECD3055B38900C6F6C7 /* Resources */ = {
			isa = PBXResourcesBuildPhase;
			buildActionMask = 2147483647;
			files = (
			);
			runOnlyForDeploymentPostprocessing = 0;
		};
		ACC17ED73055B38900C6F6C7 /* Resources */ = {
			isa = PBXResourcesBuildPhase;
			buildActionMask = 2147483647;
			files = (
			);
			runOnlyForDeploymentPostprocessing = 0;
		};
/* End PBXResourcesBuildPhase section */

/* Begin PBXSourcesBuildPhase section */
		ACC17EBC3055B38700C6F6C7 /* Sources */ = {
			isa = PBXSourcesBuildPhase;
			buildActionMask = 2147483647;
			files = (
			);
			runOnlyForDeploymentPostprocessing = 0;
		};
		ACC17ECB3055B38900C6F6C7 /* Sources */ = {
			isa = PBXSourcesBuildPhase;
			buildActionMask = 2147483647;
			files = (
			);
			runOnlyForDeploymentPostprocessing = 0;
		};
		ACC17ED53055B38900C6F6C7 /* Sources */ = {
			isa = PBXSourcesBuildPhase;
			buildActionMask = 2147483647;
			files = (
			);
			runOnlyForDeploymentPostprocessing = 0;
		};
/* End PBXSourcesBuildPhase section */

/* Begin PBXTargetDependency section */
		ACC17ED13055B38900C6F6C7 /* PBXTargetDependency */ = {
			isa = PBXTargetDependency;
			target = ACC17EBF3055B38700C6F6C7 /* Sarti SpritzX */;
			targetProxy = ACC17ED03055B38900C6F6C7 /* PBXContainerItemProxy */;
		};
		ACC17EDB3055B38900C6F6C7 /* PBXTargetDependency */ = {
			isa = PBXTargetDependency;
			target = ACC17EBF3055B38700C6F6C7 /* Sarti SpritzX */;
			targetProxy = ACC17EDA3055B38900C6F6C7 /* PBXContainerItemProxy */;
		};
/* End PBXTargetDependency section */

/* Begin XCBuildConfiguration section */
		ACC17EE13055B38900C6F6C7 /* Debug */ = {
			isa = XCBuildConfiguration;
			buildSettings = {
				ALWAYS_SEARCH_USER_PATHS = NO;
				ASSETCATALOG_COMPILER_GENERATE_SWIFT_ASSET_SYMBOL_EXTENSIONS = YES;
				CLANG_ANALYZER_NONNULL = YES;
				CLANG_ANALYZER_NUMBER_OBJECT_CONVERSION = YES_AGGRESSIVE;
				CLANG_CXX_LANGUAGE_STANDARD = "gnu++20";
				CLANG_ENABLE_MODULES = YES;
				CLANG_ENABLE_OBJC_ARC = YES;
				CLANG_ENABLE_OBJC_WEAK = YES;
				CLANG_WARN_BLOCK_CAPTURE_AUTORELEASING = YES;
				CLANG_WARN_BOOL_CONVERSION = YES;
				CLANG_WARN_COMMA = YES;
				CLANG_WARN_CONSTANT_CONVERSION = YES;
				CLANG_WARN_DEPRECATED_OBJC_IMPLEMENTATIONS = YES;
				CLANG_WARN_DIRECT_OBJC_ISA_USAGE = YES_ERROR;
				CLANG_WARN_DOCUMENTATION_COMMENTS = YES;
				CLANG_WARN_EMPTY_BODY = YES;
				CLANG_WARN_ENUM_CONVERSION = YES;
				CLANG_WARN_INFINITE_RECURSION = YES;
				CLANG_WARN_INT_CONVERSION = YES;
				CLANG_WARN_NON_LITERAL_NULL_CONVERSION = YES;
				CLANG_WARN_OBJC_IMPLICIT_RETAIN_SELF = YES;
				CLANG_WARN_OBJC_LITERAL_CONVERSION = YES;
				CLANG_WARN_OBJC_ROOT_CLASS = YES_ERROR;
				CLANG_WARN_QUOTED_INCLUDE_IN_FRAMEWORK_HEADER = YES;
				CLANG_WARN_RANGE_LOOP_ANALYSIS = YES;
				CLANG_WARN_STRICT_PROTOTYPES = YES;
				CLANG_WARN_SUSPICIOUS_MOVE = YES;
				CLANG_WARN_UNGUARDED_AVAILABILITY = YES_AGGRESSIVE;
				CLANG_WARN_UNREACHABLE_CODE = YES;
				CLANG_WARN__DUPLICATE_METHOD_MATCH = YES;
				COPY_PHASE_STRIP = NO;
				DEBUG_INFORMATION_FORMAT = dwarf;
				DEVELOPMENT_TEAM = YFB3GUCFK6;
				ENABLE_STRICT_OBJC_MSGSEND = YES;
				ENABLE_TESTABILITY = YES;
				ENABLE_USER_SCRIPT_SANDBOXING = YES;
				GCC_C_LANGUAGE_STANDARD = gnu17;
				GCC_DYNAMIC_NO_PIC = NO;
				GCC_NO_COMMON_BLOCKS = YES;
				GCC_OPTIMIZATION_LEVEL = 0;
				GCC_PREPROCESSOR_DEFINITIONS = (
					"DEBUG=1",
					"$(inherited)",
				);
				GCC_WARN_64_TO_32_BIT_CONVERSION = YES;
				GCC_WARN_ABOUT_RETURN_TYPE = YES_ERROR;
				GCC_WARN_UNDECLARED_SELECTOR = YES;
				GCC_WARN_UNINITIALIZED_AUTOS = YES_AGGRESSIVE;
				GCC_WARN_UNUSED_FUNCTION = YES;
				GCC_WARN_UNUSED_VARIABLE = YES;
				IPHONEOS_DEPLOYMENT_TARGET = 26.5;
				LOCALIZATION_PREFERS_STRING_CATALOGS = YES;
				MTL_ENABLE_DEBUG_INFO = INCLUDE_SOURCE;
				MTL_FAST_MATH = YES;
				ONLY_ACTIVE_ARCH = YES;
				SDKROOT = iphoneos;
				SWIFT_ACTIVE_COMPILATION_CONDITIONS = "DEBUG $(inherited)";
				SWIFT_OPTIMIZATION_LEVEL = "-Onone";
			};
			name = Debug;
		};
		ACC17EE23055B38900C6F6C7 /* Release */ = {
			isa = XCBuildConfiguration;
			buildSettings = {
				ALWAYS_SEARCH_USER_PATHS = NO;
				ASSETCATALOG_COMPILER_GENERATE_SWIFT_ASSET_SYMBOL_EXTENSIONS = YES;
				CLANG_ANALYZER_NONNULL = YES;
				CLANG_ANALYZER_NUMBER_OBJECT_CONVERSION = YES_AGGRESSIVE;
				CLANG_CXX_LANGUAGE_STANDARD = "gnu++20";
				CLANG_ENABLE_MODULES = YES;
				CLANG_ENABLE_OBJC_ARC = YES;
				CLANG_ENABLE_OBJC_WEAK = YES;
				CLANG_WARN_BLOCK_CAPTURE_AUTORELEASING = YES;
				CLANG_WARN_BOOL_CONVERSION = YES;
				CLANG_WARN_COMMA = YES;
				CLANG_WARN_CONSTANT_CONVERSION = YES;
				CLANG_WARN_DEPRECATED_OBJC_IMPLEMENTATIONS = YES;
				CLANG_WARN_DIRECT_OBJC_ISA_USAGE = YES_ERROR;
				CLANG_WARN_DOCUMENTATION_COMMENTS = YES;
				CLANG_WARN_EMPTY_BODY = YES;
				CLANG_WARN_ENUM_CONVERSION = YES;
				CLANG_WARN_INFINITE_RECURSION = YES;
				CLANG_WARN_INT_CONVERSION = YES;
				CLANG_WARN_NON_LITERAL_NULL_CONVERSION = YES;
				CLANG_WARN_OBJC_IMPLICIT_RETAIN_SELF = YES;
				CLANG_WARN_OBJC_LITERAL_CONVERSION = YES;
				CLANG_WARN_OBJC_ROOT_CLASS = YES_ERROR;
				CLANG_WARN_QUOTED_INCLUDE_IN_FRAMEWORK_HEADER = YES;
				CLANG_WARN_RANGE_LOOP_ANALYSIS = YES;
				CLANG_WARN_STRICT_PROTOTYPES = YES;
				CLANG_WARN_SUSPICIOUS_MOVE = YES;
				CLANG_WARN_UNGUARDED_AVAILABILITY = YES_AGGRESSIVE;
				CLANG_WARN_UNREACHABLE_CODE = YES;
				CLANG_WARN__DUPLICATE_METHOD_MATCH = YES;
				COPY_PHASE_STRIP = NO;
				DEBUG_INFORMATION_FORMAT = "dwarf-with-dsym";
				DEVELOPMENT_TEAM = YFB3GUCFK6;
				ENABLE_NS_ASSERTIONS = NO;
				ENABLE_STRICT_OBJC_MSGSEND = YES;
				ENABLE_USER_SCRIPT_SANDBOXING = YES;
				GCC_C_LANGUAGE_STANDARD = gnu17;
				GCC_NO_COMMON_BLOCKS = YES;
				GCC_WARN_64_TO_32_BIT_CONVERSION = YES;
				GCC_WARN_ABOUT_RETURN_TYPE = YES_ERROR;
				GCC_WARN_UNDECLARED_SELECTOR = YES;
				GCC_WARN_UNINITIALIZED_AUTOS = YES_AGGRESSIVE;
				GCC_WARN_UNUSED_FUNCTION = YES;
				GCC_WARN_UNUSED_VARIABLE = YES;
				IPHONEOS_DEPLOYMENT_TARGET = 26.5;
				LOCALIZATION_PREFERS_STRING_CATALOGS = YES;
				MTL_ENABLE_DEBUG_INFO = NO;
				MTL_FAST_MATH = YES;
				SDKROOT = iphoneos;
				SWIFT_COMPILATION_MODE = wholemodule;
				VALIDATE_PRODUCT = YES;
			};
			name = Release;
		};
		ACC17EE43055B38900C6F6C7 /* Debug */ = {
			isa = XCBuildConfiguration;
			buildSettings = {
				ASSETCATALOG_COMPILER_APPICON_NAME = AppIcon;
				ASSETCATALOG_COMPILER_GLOBAL_ACCENT_COLOR_NAME = AccentColor;
				CODE_SIGN_STYLE = Automatic;
				CURRENT_PROJECT_VERSION = 1;
				DEVELOPMENT_TEAM = YFB3GUCFK6;
				ENABLE_PREVIEWS = YES;
				GENERATE_INFOPLIST_FILE = YES;
				INFOPLIST_KEY_UIApplicationSceneManifest_Generation = YES;
				INFOPLIST_KEY_UIApplicationSupportsIndirectInputEvents = YES;
				INFOPLIST_KEY_UILaunchScreen_Generation = YES;
				INFOPLIST_KEY_UISupportedInterfaceOrientations_iPad = "UIInterfaceOrientationPortrait UIInterfaceOrientationPortraitUpsideDown UIInterfaceOrientationLandscapeLeft UIInterfaceOrientationLandscapeRight";
				INFOPLIST_KEY_UISupportedInterfaceOrientations_iPhone = "UIInterfaceOrientationPortrait UIInterfaceOrientationLandscapeLeft UIInterfaceOrientationLandscapeRight";
				LD_RUNPATH_SEARCH_PATHS = (
					"$(inherited)",
					"@executable_path/Frameworks",
				);
				MARKETING_VERSION = 1.0;
				PRODUCT_BUNDLE_IDENTIFIER = "TobTob.Sarti-SpritzX";
				PRODUCT_NAME = "$(TARGET_NAME)";
				STRING_CATALOG_GENERATE_SYMBOLS = YES;
				SWIFT_APPROACHABLE_CONCURRENCY = YES;
				SWIFT_DEFAULT_ACTOR_ISOLATION = MainActor;
				SWIFT_EMIT_LOC_STRINGS = YES;
				SWIFT_UPCOMING_FEATURE_MEMBER_IMPORT_VISIBILITY = YES;
				SWIFT_VERSION = 5.0;
				TARGETED_DEVICE_FAMILY = "1,2";
			};
			name = Debug;
		};
		ACC17EE53055B38900C6F6C7 /* Release */ = {
			isa = XCBuildConfiguration;
			buildSettings = {
				ASSETCATALOG_COMPILER_APPICON_NAME = AppIcon;
				ASSETCATALOG_COMPILER_GLOBAL_ACCENT_COLOR_NAME = AccentColor;
				CODE_SIGN_STYLE = Automatic;
				CURRENT_PROJECT_VERSION = 1;
				DEVELOPMENT_TEAM = YFB3GUCFK6;
				ENABLE_PREVIEWS = YES;
				GENERATE_INFOPLIST_FILE = YES;
				INFOPLIST_KEY_UIApplicationSceneManifest_Generation = YES;
				INFOPLIST_KEY_UIApplicationSupportsIndirectInputEvents = YES;
				INFOPLIST_KEY_UILaunchScreen_Generation = YES;
				INFOPLIST_KEY_UISupportedInterfaceOrientations_iPad = "UIInterfaceOrientationPortrait UIInterfaceOrientationPortraitUpsideDown UIInterfaceOrientationLandscapeLeft UIInterfaceOrientationLandscapeRight";
				INFOPLIST_KEY_UISupportedInterfaceOrientations_iPhone = "UIInterfaceOrientationPortrait UIInterfaceOrientationLandscapeLeft UIInterfaceOrientationLandscapeRight";
				LD_RUNPATH_SEARCH_PATHS = (
					"$(inherited)",
					"@executable_path/Frameworks",
				);
				MARKETING_VERSION = 1.0;
				PRODUCT_BUNDLE_IDENTIFIER = "TobTob.Sarti-SpritzX";
				PRODUCT_NAME = "$(TARGET_NAME)";
				STRING_CATALOG_GENERATE_SYMBOLS = YES;
				SWIFT_APPROACHABLE_CONCURRENCY = YES;
				SWIFT_DEFAULT_ACTOR_ISOLATION = MainActor;
				SWIFT_EMIT_LOC_STRINGS = YES;
				SWIFT_UPCOMING_FEATURE_MEMBER_IMPORT_VISIBILITY = YES;
				SWIFT_VERSION = 5.0;
				TARGETED_DEVICE_FAMILY = "1,2";
			};
			name = Release;
		};
		ACC17EE73055B38900C6F6C7 /* Debug */ = {
			isa = XCBuildConfiguration;
			buildSettings = {
				BUNDLE_LOADER = "$(TEST_HOST)";
				CODE_SIGN_STYLE = Automatic;
				CURRENT_PROJECT_VERSION = 1;
				DEVELOPMENT_TEAM = YFB3GUCFK6;
				GENERATE_INFOPLIST_FILE = YES;
				IPHONEOS_DEPLOYMENT_TARGET = 26.5;
				MARKETING_VERSION = 1.0;
				PRODUCT_BUNDLE_IDENTIFIER = "TobTob.Sarti-SpritzXTests";
				PRODUCT_NAME = "$(TARGET_NAME)";
				STRING_CATALOG_GENERATE_SYMBOLS = NO;
				SWIFT_APPROACHABLE_CONCURRENCY = YES;
				SWIFT_EMIT_LOC_STRINGS = NO;
				SWIFT_UPCOMING_FEATURE_MEMBER_IMPORT_VISIBILITY = YES;
				SWIFT_VERSION = 5.0;
				TARGETED_DEVICE_FAMILY = "1,2";
				TEST_HOST = "$(BUILT_PRODUCTS_DIR)/Sarti SpritzX.app/$(BUNDLE_EXECUTABLE_FOLDER_PATH)/Sarti SpritzX";
			};
			name = Debug;
		};
		ACC17EE83055B38900C6F6C7 /* Release */ = {
			isa = XCBuildConfiguration;
			buildSettings = {
				BUNDLE_LOADER = "$(TEST_HOST)";
				CODE_SIGN_STYLE = Automatic;
				CURRENT_PROJECT_VERSION = 1;
				DEVELOPMENT_TEAM = YFB3GUCFK6;
				GENERATE_INFOPLIST_FILE = YES;
				IPHONEOS_DEPLOYMENT_TARGET = 26.5;
				MARKETING_VERSION = 1.0;
				PRODUCT_BUNDLE_IDENTIFIER = "TobTob.Sarti-SpritzXTests";
				PRODUCT_NAME = "$(TARGET_NAME)";
				STRING_CATALOG_GENERATE_SYMBOLS = NO;
				SWIFT_APPROACHABLE_CONCURRENCY = YES;
				SWIFT_EMIT_LOC_STRINGS = NO;
				SWIFT_UPCOMING_FEATURE_MEMBER_IMPORT_VISIBILITY = YES;
				SWIFT_VERSION = 5.0;
				TARGETED_DEVICE_FAMILY = "1,2";
				TEST_HOST = "$(BUILT_PRODUCTS_DIR)/Sarti SpritzX.app/$(BUNDLE_EXECUTABLE_FOLDER_PATH)/Sarti SpritzX";
			};
			name = Release;
		};
		ACC17EEA3055B38900C6F6C7 /* Debug */ = {
			isa = XCBuildConfiguration;
			buildSettings = {
				CODE_SIGN_STYLE = Automatic;
				CURRENT_PROJECT_VERSION = 1;
				DEVELOPMENT_TEAM = YFB3GUCFK6;
				GENERATE_INFOPLIST_FILE = YES;
				MARKETING_VERSION = 1.0;
				PRODUCT_BUNDLE_IDENTIFIER = "TobTob.Sarti-SpritzXUITests";
				PRODUCT_NAME = "$(TARGET_NAME)";
				STRING_CATALOG_GENERATE_SYMBOLS = NO;
				SWIFT_APPROACHABLE_CONCURRENCY = YES;
				SWIFT_EMIT_LOC_STRINGS = NO;
				SWIFT_UPCOMING_FEATURE_MEMBER_IMPORT_VISIBILITY = YES;
				SWIFT_VERSION = 5.0;
				TARGETED_DEVICE_FAMILY = "1,2";
				TEST_TARGET_NAME = "Sarti SpritzX";
			};
			name = Debug;
		};
		ACC17EEB3055B38900C6F6C7 /* Release */ = {
			isa = XCBuildConfiguration;
			buildSettings = {
				CODE_SIGN_STYLE = Automatic;
				CURRENT_PROJECT_VERSION = 1;
				DEVELOPMENT_TEAM = YFB3GUCFK6;
				GENERATE_INFOPLIST_FILE = YES;
				MARKETING_VERSION = 1.0;
				PRODUCT_BUNDLE_IDENTIFIER = "TobTob.Sarti-SpritzXUITests";
				PRODUCT_NAME = "$(TARGET_NAME)";
				STRING_CATALOG_GENERATE_SYMBOLS = NO;
				SWIFT_APPROACHABLE_CONCURRENCY = YES;
				SWIFT_EMIT_LOC_STRINGS = NO;
				SWIFT_UPCOMING_FEATURE_MEMBER_IMPORT_VISIBILITY = YES;
				SWIFT_VERSION = 5.0;
				TARGETED_DEVICE_FAMILY = "1,2";
				TEST_TARGET_NAME = "Sarti SpritzX";
			};
			name = Release;
		};
/* End XCBuildConfiguration section */

/* Begin XCConfigurationList section */
		ACC17EBB3055B38700C6F6C7 /* Build configuration list for PBXProject "Sarti SpritzX" */ = {
			isa = XCConfigurationList;
			buildConfigurations = (
				ACC17EE13055B38900C6F6C7 /* Debug */,
				ACC17EE23055B38900C6F6C7 /* Release */,
			);
			defaultConfigurationIsVisible = 0;
			defaultConfigurationName = Release;
		};
		ACC17EE33055B38900C6F6C7 /* Build configuration list for PBXNativeTarget "Sarti SpritzX" */ = {
			isa = XCConfigurationList;
			buildConfigurations = (
				ACC17EE43055B38900C6F6C7 /* Debug */,
				ACC17EE53055B38900C6F6C7 /* Release */,
			);
			defaultConfigurationIsVisible = 0;
			defaultConfigurationName = Release;
		};
		ACC17EE63055B38900C6F6C7 /* Build configuration list for PBXNativeTarget "Sarti SpritzXTests" */ = {
			isa = XCConfigurationList;
			buildConfigurations = (
				ACC17EE73055B38900C6F6C7 /* Debug */,
				ACC17EE83055B38900C6F6C7 /* Release */,
			);
			defaultConfigurationIsVisible = 0;
			defaultConfigurationName = Release;
		};
		ACC17EE93055B38900C6F6C7 /* Build configuration list for PBXNativeTarget "Sarti SpritzXUITests" */ = {
			isa = XCConfigurationList;
			buildConfigurations = (
				ACC17EEA3055B38900C6F6C7 /* Debug */,
				ACC17EEB3055B38900C6F6C7 /* Release */,
			);
			defaultConfigurationIsVisible = 0;
			defaultConfigurationName = Release;
		};
/* End XCConfigurationList section */
	};
	rootObject = ACC17EB83055B38700C6F6C7 /* Project object */;
}
